
Microsoft Visual Studio Solution File, Format Version 12.00
# Visual Studio Version 17
VisualStudioVersion = 17.7.34031.279
MinimumVisualStudioVersion = 10.0.40219.1
Project("{FAE04EC0-301F-11D3-BF4B-00C04F79EFBC}") = "ModdableWebServer", "ModdableWebServer\ModdableWebServer.csproj", "{FA23AC53-7B62-45BF-8426-B6D44B9D2648}"
EndProject
Project("{FAE04EC0-301F-11D3-BF4B-00C04F79EFBC}") = "ModdableWebServer.Test", "ModdableWebServer.Test\ModdableWebServer.Test.csproj", "{D745B424-1AD6-0A2A-C4E8-0A747E6EE09F}"
EndProject
Global
	GlobalSection(SolutionConfigurationPlatforms) = preSolution
		Debug|Any CPU = Debug|Any CPU
		Release|Any CPU = Release|Any CPU
	EndGlobalSection
	GlobalSection(ProjectConfigurationPlatforms) = postSolution
		{FA23AC53-7B62-45BF-8426-B6D44B9D2648}.Debug|Any CPU.ActiveCfg = Debug|Any CPU
		{FA23AC53-7B62-45BF-8426-B6D44B9D2648}.Debug|Any CPU.Build.0 = Debug|Any CPU
		{FA23AC53-7B62-45BF-8426-B6D44B9D2648}.Release|Any CPU.ActiveCfg = Release|Any CPU
		{FA23AC53-7B62-45BF-8426-B6D44B9D2648}.Release|Any CPU.Build.0 = Release|Any CPU
		{D745B424-1AD6-0A2A-C4E8-0A747E6EE09F}.Debug|Any CPU.ActiveCfg = Debug|Any CPU
		{D745B424-1AD6-0A2A-C4E8-0A747E6EE09F}.Debug|Any CPU.Build.0 = Debug|Any CPU
		{D745B424-1AD6-0A2A-C4E8-0A747E6EE09F}.Release|Any CPU.ActiveCfg = Release|Any CPU
		{D745B424-1AD6-0A2A-C4E8-0A747E6EE09F}.Release|Any CPU.Build.0 = Release|Any CPU
	EndGlobalSection
	GlobalSection(SolutionProperties) = preSolution
		HideSolutionNode = FALSE
	EndGlobalSection
	GlobalSection(ExtensibilityGlobals) = postSolution
		SolutionGuid = {BFE3B7E1-BE68-4123-B515-D4B9D10D14FF}
	EndGlobalSection
EndGlobal
